<?xml version="1.0" encoding="utf-8"?>
<Project ToolsVersion="14.0" xmlns="http://schemas.microsoft.com/developer/msbuild/2003">
  <ItemGroup>
    <Filter Include="lzma">
      <UniqueIdentifier>{D95D9A7C-C594-9B0D-6E81-81105A97170F}</UniqueIdentifier>
    </Filter>
    <Filter Include="lzma\Util">
      <UniqueIdentifier>{73537D5D-DFBD-31D4-28FC-E27994A50F29}</UniqueIdentifier>
    </Filter>
    <Filter Include="lzma\Util\7z">
      <UniqueIdentifier>{801121F6-6C74-B09A-15FA-E850013C7C1D}</UniqueIdentifier>
    </Filter>
    <Filter Include="lzma\Util\Lzma">
      <UniqueIdentifier>{E303B702-CFD1-AA08-B865-1B2FA4D2866D}</UniqueIdentifier>
    </Filter>
    <Filter Include="lzma\Util\LzmaLib">
      <UniqueIdentifier>{3AEE791D-A604-78B3-EF7B-03D55BD1483B}</UniqueIdentifier>
    </Filter>
    <Filter Include="lzma\Util\SfxSetup">
      <UniqueIdentifier>{9117B157-7DFB-71AD-E65B-6C00D25E5C2F}</UniqueIdentifier>
    </Filter>
    <Filter Include="zlib">
      <UniqueIdentifier>{16CFA17C-0206-A30D-ABF2-881097081F0F}</UniqueIdentifier>
    </Filter>
    <Filter Include="frontend_direct2d">
      <UniqueIdentifier>{755F22FC-E175-2092-2AED-ABB39642F119}</UniqueIdentifier>
    </Filter>
    <Filter Include="frontend_direct3d9">
      <UniqueIdentifier>{8F526E80-7B36-2FD6-E496-2929D0991958}</UniqueIdentifier>
    </Filter>
    <Filter Include="waveform_sdk">
      <UniqueIdentifier>{4D136D08-3976-FCAC-E2FB-3463CE3DC82F}</UniqueIdentifier>
    </Filter>
    <Filter Include="frontend_sdk">
      <UniqueIdentifier>{06B05D7F-F212-ED23-9B98-25DA87DAB8A6}</UniqueIdentifier>
    </Filter>
    <Filter Include="json">
      <UniqueIdentifier>{9F27997C-8B5E-9A0D-344B-80102061160F}</UniqueIdentifier>
    </Filter>
    <Filter Include="util">
      <UniqueIdentifier>{43339F7C-2F6A-A00D-D856-8610C46C1C0F}</UniqueIdentifier>
    </Filter>
  </ItemGroup>
  <ItemGroup>
    <ClInclude Include="BackingStore.h" />
    <ClInclude Include="Cache.h" />
    <ClInclude Include="CacheImpl.h" />
    <ClInclude Include="Clipboard.h" />
    <ClInclude Include="FrontendCallbackImpl.h" />
    <ClInclude Include="FrontendConfigImpl.h" />
    <ClInclude Include="FrontendLoader.h" />
    <ClInclude Include="GdiFallback.h" />
    <ClInclude Include="Helpers.h" />
    <ClInclude Include="Job.h" />
    <ClInclude Include="Pack.h" />
    <ClInclude Include="PchSeekbar.h" />
    <ClInclude Include="PersistentSettings.h" />
    <ClInclude Include="Player.h" />
    <ClInclude Include="ProcessingContext.h" />
    <ClInclude Include="resource.h" />
    <ClInclude Include="SeekbarCui.h" />
    <ClInclude Include="SeekbarDui.h" />
    <ClInclude Include="SeekbarWindow.h" />
    <ClInclude Include="SeekCallback.h" />
    <ClInclude Include="SeekTooltip.h" />
    <ClInclude Include="sqlite3.h" />
    <ClInclude Include="frontend_direct2d\Direct2D.h">
      <Filter>frontend_direct2d</Filter>
    </ClInclude>
    <ClInclude Include="frontend_direct3d9\Direct3D9.Effects.h">
      <Filter>frontend_direct3d9</Filter>
    </ClInclude>
    <ClInclude Include="frontend_direct3d9\Direct3D9.h">
      <Filter>frontend_direct3d9</Filter>
    </ClInclude>
    <ClInclude Include="frontend_direct3d9\PchDirect3D9.h">
      <Filter>frontend_direct3d9</Filter>
    </ClInclude>
    <ClInclude Include="frontend_direct3d9\resource.h">
      <Filter>frontend_direct3d9</Filter>
    </ClInclude>
    <ClInclude Include="frontend_direct3d9\Scintilla.h">
      <Filter>frontend_direct3d9</Filter>
    </ClInclude>
    <ClInclude Include="frontend_sdk\FrontendHelpers.h">
      <Filter>frontend_sdk</Filter>
    </ClInclude>
    <ClInclude Include="frontend_sdk\VisualFrontend.h">
      <Filter>frontend_sdk</Filter>
    </ClInclude>
    <ClInclude Include="json\json-forwards.h">
      <Filter>json</Filter>
    </ClInclude>
    <ClInclude Include="json\json.h">
      <Filter>json</Filter>
    </ClInclude>
    <ClInclude Include="lzma\7z.h">
      <Filter>lzma</Filter>
    </ClInclude>
    <ClInclude Include="lzma\7zAlloc.h">
      <Filter>lzma</Filter>
    </ClInclude>
    <ClInclude Include="lzma\7zBuf.h">
      <Filter>lzma</Filter>
    </ClInclude>
    <ClInclude Include="lzma\7zCrc.h">
      <Filter>lzma</Filter>
    </ClInclude>
    <ClInclude Include="lzma\7zFile.h">
      <Filter>lzma</Filter>
    </ClInclude>
    <ClInclude Include="lzma\7zVersion.h">
      <Filter>lzma</Filter>
    </ClInclude>
    <ClInclude Include="lzma\Alloc.h">
      <Filter>lzma</Filter>
    </ClInclude>
    <ClInclude Include="lzma\Bcj2.h">
      <Filter>lzma</Filter>
    </ClInclude>
    <ClInclude Include="lzma\Bra.h">
      <Filter>lzma</Filter>
    </ClInclude>
    <ClInclude Include="lzma\CpuArch.h">
      <Filter>lzma</Filter>
    </ClInclude>
    <ClInclude Include="lzma\Delta.h">
      <Filter>lzma</Filter>
    </ClInclude>
    <ClInclude Include="lzma\LzFind.h">
      <Filter>lzma</Filter>
    </ClInclude>
    <ClInclude Include="lzma\LzFindMt.h">
      <Filter>lzma</Filter>
    </ClInclude>
    <ClInclude Include="lzma\LzHash.h">
      <Filter>lzma</Filter>
    </ClInclude>
    <ClInclude Include="lzma\Lzma2Dec.h">
      <Filter>lzma</Filter>
    </ClInclude>
    <ClInclude Include="lzma\Lzma2Enc.h">
      <Filter>lzma</Filter>
    </ClInclude>
    <ClInclude Include="lzma\Lzma86.h">
      <Filter>lzma</Filter>
    </ClInclude>
    <ClInclude Include="lzma\LzmaDec.h">
      <Filter>lzma</Filter>
    </ClInclude>
    <ClInclude Include="lzma\LzmaEnc.h">
      <Filter>lzma</Filter>
    </ClInclude>
    <ClInclude Include="lzma\LzmaLib.h">
      <Filter>lzma</Filter>
    </ClInclude>
    <ClInclude Include="lzma\MtCoder.h">
      <Filter>lzma</Filter>
    </ClInclude>
    <ClInclude Include="lzma\Ppmd.h">
      <Filter>lzma</Filter>
    </ClInclude>
    <ClInclude Include="lzma\Ppmd7.h">
      <Filter>lzma</Filter>
    </ClInclude>
    <ClInclude Include="lzma\RotateDefs.h">
      <Filter>lzma</Filter>
    </ClInclude>
    <ClInclude Include="lzma\Sha256.h">
      <Filter>lzma</Filter>
    </ClInclude>
    <ClInclude Include="lzma\Threads.h">
      <Filter>lzma</Filter>
    </ClInclude>
    <ClInclude Include="lzma\Types.h">
      <Filter>lzma</Filter>
    </ClInclude>
    <ClInclude Include="lzma\Xz.h">
      <Filter>lzma</Filter>
    </ClInclude>
    <ClInclude Include="lzma\XzCrc64.h">
      <Filter>lzma</Filter>
    </ClInclude>
    <ClInclude Include="lzma\XzEnc.h">
      <Filter>lzma</Filter>
    </ClInclude>
    <ClInclude Include="util\Asio.h">
      <Filter>util</Filter>
    </ClInclude>
    <ClInclude Include="util\Barrier.h">
      <Filter>util</Filter>
    </ClInclude>
    <ClInclude Include="util\Filesystem.h">
      <Filter>util</Filter>
    </ClInclude>
    <ClInclude Include="waveform_sdk\Downmix.h">
      <Filter>waveform_sdk</Filter>
    </ClInclude>
    <ClInclude Include="waveform_sdk\Optional.h">
      <Filter>waveform_sdk</Filter>
    </ClInclude>
    <ClInclude Include="waveform_sdk\RefPointer.h">
      <Filter>waveform_sdk</Filter>
    </ClInclude>
    <ClInclude Include="waveform_sdk\Waveform.h">
      <Filter>waveform_sdk</Filter>
    </ClInclude>
    <ClInclude Include="waveform_sdk\WaveformImpl.h">
      <Filter>waveform_sdk</Filter>
    </ClInclude>
    <ClInclude Include="zlib\crc32.h">
      <Filter>zlib</Filter>
    </ClInclude>
    <ClInclude Include="zlib\deflate.h">
      <Filter>zlib</Filter>
    </ClInclude>
    <ClInclude Include="zlib\inffast.h">
      <Filter>zlib</Filter>
    </ClInclude>
    <ClInclude Include="zlib\inffixed.h">
      <Filter>zlib</Filter>
    </ClInclude>
    <ClInclude Include="zlib\inflate.h">
      <Filter>zlib</Filter>
    </ClInclude>
    <ClInclude Include="zlib\inftrees.h">
      <Filter>zlib</Filter>
    </ClInclude>
    <ClInclude Include="zlib\trees.h">
      <Filter>zlib</Filter>
    </ClInclude>
    <ClInclude Include="zlib\zconf.h">
      <Filter>zlib</Filter>
    </ClInclude>
    <ClInclude Include="zlib\zlib.h">
      <Filter>zlib</Filter>
    </ClInclude>
    <ClInclude Include="zlib\zutil.h">
      <Filter>zlib</Filter>
    </ClInclude>
  </ItemGroup>
  <ItemGroup>
    <ClCompile Include="sqlite3.c" />
    <ClCompile Include="lzma\7zAlloc.c">
      <Filter>lzma</Filter>
    </ClCompile>
    <ClCompile Include="lzma\7zBuf.c">
      <Filter>lzma</Filter>
    </ClCompile>
    <ClCompile Include="lzma\7zBuf2.c">
      <Filter>lzma</Filter>
    </ClCompile>
    <ClCompile Include="lzma\7zCrc.c">
      <Filter>lzma</Filter>
    </ClCompile>
    <ClCompile Include="lzma\7zCrcOpt.c">
      <Filter>lzma</Filter>
    </ClCompile>
    <ClCompile Include="lzma\7zDec.c">
      <Filter>lzma</Filter>
    </ClCompile>
    <ClCompile Include="lzma\7zFile.c">
      <Filter>lzma</Filter>
    </ClCompile>
    <ClCompile Include="lzma\7zIn.c">
      <Filter>lzma</Filter>
    </ClCompile>
    <ClCompile Include="lzma\7zStream.c">
      <Filter>lzma</Filter>
    </ClCompile>
    <ClCompile Include="lzma\Alloc.c">
      <Filter>lzma</Filter>
    </ClCompile>
    <ClCompile Include="lzma\Bcj2.c">
      <Filter>lzma</Filter>
    </ClCompile>
    <ClCompile Include="lzma\Bra.c">
      <Filter>lzma</Filter>
    </ClCompile>
    <ClCompile Include="lzma\Bra86.c">
      <Filter>lzma</Filter>
    </ClCompile>
    <ClCompile Include="lzma\BraIA64.c">
      <Filter>lzma</Filter>
    </ClCompile>
    <ClCompile Include="lzma\CpuArch.c">
      <Filter>lzma</Filter>
    </ClCompile>
    <ClCompile Include="lzma\Delta.c">
      <Filter>lzma</Filter>
    </ClCompile>
    <ClCompile Include="lzma\LzFind.c">
      <Filter>lzma</Filter>
    </ClCompile>
    <ClCompile Include="lzma\LzFindMt.c">
      <Filter>lzma</Filter>
    </ClCompile>
    <ClCompile Include="lzma\Lzma2Dec.c">
      <Filter>lzma</Filter>
    </ClCompile>
    <ClCompile Include="lzma\Lzma2Enc.c">
      <Filter>lzma</Filter>
    </ClCompile>
    <ClCompile Include="lzma\Lzma86Dec.c">
      <Filter>lzma</Filter>
    </ClCompile>
    <ClCompile Include="lzma\Lzma86Enc.c">
      <Filter>lzma</Filter>
    </ClCompile>
    <ClCompile Include="lzma\LzmaDec.c">
      <Filter>lzma</Filter>
    </ClCompile>
    <ClCompile Include="lzma\LzmaEnc.c">
      <Filter>lzma</Filter>
    </ClCompile>
    <ClCompile Include="lzma\LzmaLib.c">
      <Filter>lzma</Filter>
    </ClCompile>
    <ClCompile Include="lzma\MtCoder.c">
      <Filter>lzma</Filter>
    </ClCompile>
    <ClCompile Include="lzma\Ppmd7.c">
      <Filter>lzma</Filter>
    </ClCompile>
    <ClCompile Include="lzma\Ppmd7Dec.c">
      <Filter>lzma</Filter>
    </ClCompile>
    <ClCompile Include="lzma\Ppmd7Enc.c">
      <Filter>lzma</Filter>
    </ClCompile>
    <ClCompile Include="lzma\Sha256.c">
      <Filter>lzma</Filter>
    </ClCompile>
    <ClCompile Include="lzma\Threads.c">
      <Filter>lzma</Filter>
    </ClCompile>
    <ClCompile Include="lzma\Xz.c">
      <Filter>lzma</Filter>
    </ClCompile>
    <ClCompile Include="lzma\XzCrc64.c">
      <Filter>lzma</Filter>
    </ClCompile>
    <ClCompile Include="lzma\XzDec.c">
      <Filter>lzma</Filter>
    </ClCompile>
    <ClCompile Include="lzma\XzEnc.c">
      <Filter>lzma</Filter>
    </ClCompile>
    <ClCompile Include="lzma\XzIn.c">
      <Filter>lzma</Filter>
    </ClCompile>
    <ClCompile Include="lzma\Util\7z\7zMain.c">
      <Filter>lzma\Util\7z</Filter>
    </ClCompile>
    <ClCompile Include="lzma\Util\Lzma\LzmaUtil.c">
      <Filter>lzma\Util\Lzma</Filter>
    </ClCompile>
    <ClCompile Include="lzma\Util\LzmaLib\LzmaLibExports.c">
      <Filter>lzma\Util\LzmaLib</Filter>
    </ClCompile>
    <ClCompile Include="lzma\Util\SfxSetup\SfxSetup.c">
      <Filter>lzma\Util\SfxSetup</Filter>
    </ClCompile>
    <ClCompile Include="zlib\adler32.c">
      <Filter>zlib</Filter>
    </ClCompile>
    <ClCompile Include="zlib\compress.c">
      <Filter>zlib</Filter>
    </ClCompile>
    <ClCompile Include="zlib\crc32.c">
      <Filter>zlib</Filter>
    </ClCompile>
    <ClCompile Include="zlib\deflate.c">
      <Filter>zlib</Filter>
    </ClCompile>
    <ClCompile Include="zlib\infback.c">
      <Filter>zlib</Filter>
    </ClCompile>
    <ClCompile Include="zlib\inffast.c">
      <Filter>zlib</Filter>
    </ClCompile>
    <ClCompile Include="zlib\inflate.c">
      <Filter>zlib</Filter>
    </ClCompile>
    <ClCompile Include="zlib\inftrees.c">
      <Filter>zlib</Filter>
    </ClCompile>
    <ClCompile Include="zlib\trees.c">
      <Filter>zlib</Filter>
    </ClCompile>
    <ClCompile Include="zlib\uncompr.c">
      <Filter>zlib</Filter>
    </ClCompile>
    <ClCompile Include="zlib\zutil.c">
      <Filter>zlib</Filter>
    </ClCompile>
    <ClCompile Include="BackingStore.cc" />
    <ClCompile Include="CacheImpl.cc" />
    <ClCompile Include="CacheImpl.ProcessFile.cc" />
    <ClCompile Include="Clipboard.cc" />
    <ClCompile Include="FrontendLoader.cc" />
    <ClCompile Include="GdiFallback.cc" />
    <ClCompile Include="MainCache.cc" />
    <ClCompile Include="MainSeekbar.cc" />
    <ClCompile Include="MenuCommands.cc" />
    <ClCompile Include="Pack.cc" />
    <ClCompile Include="PchSeekbar.cc" />
    <ClCompile Include="PersistentSettings.cc" />
    <ClCompile Include="Player.cc" />
    <ClCompile Include="ProcessingContext.cc" />
    <ClCompile Include="SeekbarCui.cc" />
    <ClCompile Include="SeekbarDui.cc" />
    <ClCompile Include="SeekbarWindow.Callbacks.cc" />
    <ClCompile Include="SeekbarWindow.cc" />
    <ClCompile Include="SeekbarWindow.ConfigDialog.cc" />
    <ClCompile Include="SeekbarWindow.Events.cc" />
    <ClCompile Include="frontend_direct2d\Direct2D1.cc">
      <Filter>frontend_direct2d</Filter>
    </ClCompile>
    <ClCompile Include="frontend_direct2d\EntrypointD2D.cc">
      <Filter>frontend_direct2d</Filter>
    </ClCompile>
    <ClCompile Include="frontend_direct3d9\Direct3D9.cc">
      <Filter>frontend_direct3d9</Filter>
    </ClCompile>
    <ClCompile Include="frontend_direct3d9\Direct3D9.ConfigDialog.cc">
      <Filter>frontend_direct3d9</Filter>
    </ClCompile>
    <ClCompile Include="frontend_direct3d9\Direct3D9.Effects.cc">
      <Filter>frontend_direct3d9</Filter>
    </ClCompile>
    <ClCompile Include="frontend_direct3d9\Direct3D9.Resources.cc">
      <Filter>frontend_direct3d9</Filter>
    </ClCompile>
    <ClCompile Include="frontend_direct3d9\Direct3D9.Update.cc">
      <Filter>frontend_direct3d9</Filter>
    </ClCompile>
    <ClCompile Include="frontend_direct3d9\EntrypointD3D9.cc">
      <Filter>frontend_direct3d9</Filter>
    </ClCompile>
    <ClCompile Include="frontend_direct3d9\PchDirect3D9.cc">
      <Filter>frontend_direct3d9</Filter>
    </ClCompile>
    <ClCompile Include="waveform_sdk\Waveform.cc">
      <Filter>waveform_sdk</Filter>
    </ClCompile>
    <ClCompile Include="waveform_sdk\WaveformImpl.cc">
      <Filter>waveform_sdk</Filter>
    </ClCompile>
  </ItemGroup>
  <ItemGroup>
    <ResourceCompile Include="foo_wave_seekbar.rc" />
  </ItemGroup>
  <ItemGroup>
    <FxCompile Include="seekbar_body.fx" />
  </ItemGroup>
</Project>