<?xml version="1.0" encoding="utf-8"?>
<Project ToolsVersion="4.0" xmlns="http://schemas.microsoft.com/developer/msbuild/2003">
  <ItemGroup>
    <Filter Include="Cache">
      <UniqueIdentifier>{6436b24c-2c31-4c97-a1b0-c9ff21f12da1}</UniqueIdentifier>
    </Filter>
    <Filter Include="Seekbar">
      <UniqueIdentifier>{4FC737F1-C7A5-4376-A066-2A32D752A2FF}</UniqueIdentifier>
      <Extensions>cpp;c;cc;cxx;def;odl;idl;hpj;bat;asm;asmx</Extensions>
    </Filter>
    <Filter Include="Seekbar\Boobs">
      <UniqueIdentifier>{4eb10f29-93dd-4756-8dfc-2644e25eee01}</UniqueIdentifier>
    </Filter>
    <Filter Include="Seekbar\Effect Files">
      <UniqueIdentifier>{aa8818cd-dde9-4a36-a7b9-d15e3940375e}</UniqueIdentifier>
    </Filter>
    <Filter Include="Seekbar\Frontends">
      <UniqueIdentifier>{54dd4e5f-190f-4cea-99d0-7bda68e7834e}</UniqueIdentifier>
    </Filter>
    <Filter Include="Seekbar\Resources">
      <UniqueIdentifier>{6a680fc1-a5cb-4223-9a73-754c8d0c9d61}</UniqueIdentifier>
    </Filter>
    <Filter Include="Seekbar\Frontends\Direct2D">
      <UniqueIdentifier>{b2ffa99e-67d1-484c-a27d-07cbe667e423}</UniqueIdentifier>
    </Filter>
    <Filter Include="Seekbar\Frontends\Direct3D">
      <UniqueIdentifier>{e34abdab-1aeb-4123-8569-ddbe3c58d0b8}</UniqueIdentifier>
    </Filter>
    <Filter Include="Seekbar\Frontends\GDI">
      <UniqueIdentifier>{7f9faa07-f528-4c6c-a34e-c626d5a97717}</UniqueIdentifier>
    </Filter>
  </ItemGroup>
  <ItemGroup>
    <ClCompile Include="CacheImpl.cc">
      <Filter>Cache</Filter>
    </ClCompile>
    <ClCompile Include="CacheImpl.ProcessFile.cc">
      <Filter>Cache</Filter>
    </ClCompile>
    <ClCompile Include="MainCache.cc">
      <Filter>Cache</Filter>
    </ClCompile>
    <ClCompile Include="MainSeekbar.cc">
      <Filter>Seekbar</Filter>
    </ClCompile>
    <ClCompile Include="MenuCommands.cc">
      <Filter>Cache</Filter>
    </ClCompile>
    <ClCompile Include="PchSeekbar.cc" />
    <ClCompile Include="ProcessingContext.cc">
      <Filter>Cache</Filter>
    </ClCompile>
    <ClCompile Include="SeekbarCui.cc">
      <Filter>Seekbar\Boobs</Filter>
    </ClCompile>
    <ClCompile Include="SeekbarDui.cc">
      <Filter>Seekbar\Boobs</Filter>
    </ClCompile>
    <ClCompile Include="SeekbarWindow.cc">
      <Filter>Seekbar</Filter>
    </ClCompile>
    <ClCompile Include="SeekbarWindow.ConfigDialog.cc">
      <Filter>Seekbar</Filter>
    </ClCompile>
    <ClCompile Include="sqlite3.c">
      <Filter>Cache</Filter>
    </ClCompile>
    <ClCompile Include="Waveform.cc">
      <Filter>Cache</Filter>
    </ClCompile>
    <ClCompile Include="BackingStore.cc">
      <Filter>Cache</Filter>
    </ClCompile>
    <ClCompile Include="WaveformImpl.cc">
      <Filter>Cache</Filter>
    </ClCompile>
    <ClCompile Include="Direct3D9.cc">
      <Filter>Seekbar\Frontends\Direct3D</Filter>
    </ClCompile>
    <ClCompile Include="Direct3D9.Update.cc">
      <Filter>Seekbar\Frontends\Direct3D</Filter>
    </ClCompile>
    <ClCompile Include="Direct3D9.ConfigDialog.cc">
      <Filter>Seekbar\Frontends\Direct3D</Filter>
    </ClCompile>
    <ClCompile Include="Direct3D9.Effects.cc">
      <Filter>Seekbar\Frontends\Direct3D</Filter>
    </ClCompile>
    <ClCompile Include="Direct3D9.Resources.cc">
      <Filter>Seekbar\Frontends\Direct3D</Filter>
    </ClCompile>
    <ClCompile Include="Direct2D1.cc">
      <Filter>Seekbar\Frontends\Direct2D</Filter>
    </ClCompile>
    <ClCompile Include="GdiFallback.cc">
      <Filter>Seekbar\Frontends\GDI</Filter>
    </ClCompile>
  </ItemGroup>
  <ItemGroup>
    <ClInclude Include="Cache.h">
      <Filter>Cache</Filter>
    </ClInclude>
    <ClInclude Include="CacheImpl.h">
      <Filter>Cache</Filter>
    </ClInclude>
    <ClInclude Include="FrontendCallbackImpl.h">
      <Filter>Seekbar</Filter>
    </ClInclude>
    <ClInclude Include="Helpers.h" />
    <ClInclude Include="PchSeekbar.h" />
    <ClInclude Include="PersistentSettings.h">
      <Filter>Seekbar</Filter>
    </ClInclude>
    <ClInclude Include="ProcessingContext.h">
      <Filter>Cache</Filter>
    </ClInclude>
    <ClInclude Include="SeekbarCui.h">
      <Filter>Seekbar\Boobs</Filter>
    </ClInclude>
    <ClInclude Include="SeekbarDui.h">
      <Filter>Seekbar\Boobs</Filter>
    </ClInclude>
    <ClInclude Include="SeekbarState.h">
      <Filter>Seekbar</Filter>
    </ClInclude>
    <ClInclude Include="SeekbarWindow.h">
      <Filter>Seekbar</Filter>
    </ClInclude>
    <ClInclude Include="sqlite3.h">
      <Filter>Cache</Filter>
    </ClInclude>
    <ClInclude Include="VisualFrontend.h">
      <Filter>Seekbar\Frontends</Filter>
    </ClInclude>
    <ClInclude Include="BackingStore.h">
      <Filter>Cache</Filter>
    </ClInclude>
    <ClInclude Include="Job.h">
      <Filter>Cache</Filter>
    </ClInclude>
    <ClInclude Include="Waveform.h">
      <Filter>Cache</Filter>
    </ClInclude>
    <ClInclude Include="WaveformImpl.h">
      <Filter>Cache</Filter>
    </ClInclude>
    <ClInclude Include="SeekCallback.h">
      <Filter>Seekbar</Filter>
    </ClInclude>
    <ClInclude Include="FrontendConfigImpl.h">
      <Filter>Seekbar</Filter>
    </ClInclude>
    <ClInclude Include="resource.h">
      <Filter>Seekbar\Resources</Filter>
    </ClInclude>
    <ClInclude Include="Direct2D.h">
      <Filter>Seekbar\Frontends\Direct2D</Filter>
    </ClInclude>
    <ClInclude Include="Direct3D.h">
      <Filter>Seekbar\Frontends\Direct3D</Filter>
    </ClInclude>
    <ClInclude Include="GdiFallback.h">
      <Filter>Seekbar\Frontends\GDI</Filter>
    </ClInclude>
    <ClInclude Include="Direct3D.Effects.h">
      <Filter>Seekbar\Frontends\Direct3D</Filter>
    </ClInclude>
    <ClInclude Include="PfcSpirit.h" />
  </ItemGroup>
  <ItemGroup>
    <ResourceCompile Include="foo_wave_seekbar.rc">
      <Filter>Seekbar\Resources</Filter>
    </ResourceCompile>
  </ItemGroup>
  <ItemGroup>
    <None Include="seekbar_body.fx">
      <Filter>Seekbar\Effect Files</Filter>
    </None>
    <None Include="seekbar_footer.fx">
      <Filter>Seekbar\Effect Files</Filter>
    </None>
    <None Include="seekbar_header.fx">
      <Filter>Seekbar\Effect Files</Filter>
    </None>
  </ItemGroup>
</Project>