
Microsoft Visual Studio Solution File, Format Version 12.00
# Visual Studio 14
Project("{8BC9CEB8-8B4A-11D0-8D11-00A0C91BC942}") = "foo_wave_seekbar", "foo_wave_seekbar.vcxproj", "{579817DB-4391-362D-6CC3-1BB2581B1639}"
	ProjectSection(ProjectDependencies) = postProject
		{18DEAB42-8448-60B9-CD86-115F39303E0E} = {18DEAB42-8448-60B9-CD86-115F39303E0E}
		{DE9C880B-4AA6-887C-D321-9F7C3F2A947C} = {DE9C880B-4AA6-887C-D321-9F7C3F2A947C}
		{4D136D08-3976-FCAC-E2FB-3463CE3DC82F} = {4D136D08-3976-FCAC-E2FB-3463CE3DC82F}
		{C4D0708B-B09E-6491-9932-D5B7859F40F6} = {C4D0708B-B09E-6491-9932-D5B7859F40F6}
	EndProjectSection
EndProject
Project("{8BC9CEB8-8B4A-11D0-8D11-00A0C91BC942}") = "pfc", "pfc.vcxproj", "{DE9C880B-4AA6-887C-D321-9F7C3F2A947C}"
EndProject
Project("{8BC9CEB8-8B4A-11D0-8D11-00A0C91BC942}") = "component", "component.vcxproj", "{18DEAB42-8448-60B9-CD86-115F39303E0E}"
EndProject
Project("{8BC9CEB8-8B4A-11D0-8D11-00A0C91BC942}") = "columns_ui_sdk", "columns_ui_sdk.vcxproj", "{C4D0708B-B09E-6491-9932-D5B7859F40F6}"
EndProject
Project("{8BC9CEB8-8B4A-11D0-8D11-00A0C91BC942}") = "waveform_sdk", "waveform_sdk.vcxproj", "{4D136D08-3976-FCAC-E2FB-3463CE3DC82F}"
	ProjectSection(ProjectDependencies) = postProject
		{DE9C880B-4AA6-887C-D321-9F7C3F2A947C} = {DE9C880B-4AA6-887C-D321-9F7C3F2A947C}
	EndProjectSection
EndProject
Project("{8BC9CEB8-8B4A-11D0-8D11-00A0C91BC942}") = "frontend_direct3d9", "frontend_direct3d9.vcxproj", "{8F526E80-7B36-2FD6-E496-2929D0991958}"
	ProjectSection(ProjectDependencies) = postProject
		{4D136D08-3976-FCAC-E2FB-3463CE3DC82F} = {4D136D08-3976-FCAC-E2FB-3463CE3DC82F}
		{DE9C880B-4AA6-887C-D321-9F7C3F2A947C} = {DE9C880B-4AA6-887C-D321-9F7C3F2A947C}
	EndProjectSection
EndProject
Project("{8BC9CEB8-8B4A-11D0-8D11-00A0C91BC942}") = "frontend_direct2d", "frontend_direct2d.vcxproj", "{755F22FC-E175-2092-2AED-ABB39642F119}"
	ProjectSection(ProjectDependencies) = postProject
		{4D136D08-3976-FCAC-E2FB-3463CE3DC82F} = {4D136D08-3976-FCAC-E2FB-3463CE3DC82F}
		{DE9C880B-4AA6-887C-D321-9F7C3F2A947C} = {DE9C880B-4AA6-887C-D321-9F7C3F2A947C}
	EndProjectSection
EndProject
Global
	GlobalSection(SolutionConfigurationPlatforms) = preSolution
		Debug|Win32 = Debug|Win32
		Release|Win32 = Release|Win32
	EndGlobalSection
	GlobalSection(ProjectConfigurationPlatforms) = postSolution
		{579817DB-4391-362D-6CC3-1BB2581B1639}.Debug|Win32.ActiveCfg = Debug|Win32
		{579817DB-4391-362D-6CC3-1BB2581B1639}.Debug|Win32.Build.0 = Debug|Win32
		{579817DB-4391-362D-6CC3-1BB2581B1639}.Release|Win32.ActiveCfg = Release|Win32
		{579817DB-4391-362D-6CC3-1BB2581B1639}.Release|Win32.Build.0 = Release|Win32
		{DE9C880B-4AA6-887C-D321-9F7C3F2A947C}.Debug|Win32.ActiveCfg = Debug|Win32
		{DE9C880B-4AA6-887C-D321-9F7C3F2A947C}.Debug|Win32.Build.0 = Debug|Win32
		{DE9C880B-4AA6-887C-D321-9F7C3F2A947C}.Release|Win32.ActiveCfg = Release|Win32
		{DE9C880B-4AA6-887C-D321-9F7C3F2A947C}.Release|Win32.Build.0 = Release|Win32
		{18DEAB42-8448-60B9-CD86-115F39303E0E}.Debug|Win32.ActiveCfg = Debug|Win32
		{18DEAB42-8448-60B9-CD86-115F39303E0E}.Debug|Win32.Build.0 = Debug|Win32
		{18DEAB42-8448-60B9-CD86-115F39303E0E}.Release|Win32.ActiveCfg = Release|Win32
		{18DEAB42-8448-60B9-CD86-115F39303E0E}.Release|Win32.Build.0 = Release|Win32
		{C4D0708B-B09E-6491-9932-D5B7859F40F6}.Debug|Win32.ActiveCfg = Debug|Win32
		{C4D0708B-B09E-6491-9932-D5B7859F40F6}.Debug|Win32.Build.0 = Debug|Win32
		{C4D0708B-B09E-6491-9932-D5B7859F40F6}.Release|Win32.ActiveCfg = Release|Win32
		{C4D0708B-B09E-6491-9932-D5B7859F40F6}.Release|Win32.Build.0 = Release|Win32
		{4D136D08-3976-FCAC-E2FB-3463CE3DC82F}.Debug|Win32.ActiveCfg = Debug|Win32
		{4D136D08-3976-FCAC-E2FB-3463CE3DC82F}.Debug|Win32.Build.0 = Debug|Win32
		{4D136D08-3976-FCAC-E2FB-3463CE3DC82F}.Release|Win32.ActiveCfg = Release|Win32
		{4D136D08-3976-FCAC-E2FB-3463CE3DC82F}.Release|Win32.Build.0 = Release|Win32
		{8F526E80-7B36-2FD6-E496-2929D0991958}.Debug|Win32.ActiveCfg = Debug|Win32
		{8F526E80-7B36-2FD6-E496-2929D0991958}.Debug|Win32.Build.0 = Debug|Win32
		{8F526E80-7B36-2FD6-E496-2929D0991958}.Release|Win32.ActiveCfg = Release|Win32
		{8F526E80-7B36-2FD6-E496-2929D0991958}.Release|Win32.Build.0 = Release|Win32
		{755F22FC-E175-2092-2AED-ABB39642F119}.Debug|Win32.ActiveCfg = Debug|Win32
		{755F22FC-E175-2092-2AED-ABB39642F119}.Debug|Win32.Build.0 = Debug|Win32
		{755F22FC-E175-2092-2AED-ABB39642F119}.Release|Win32.ActiveCfg = Release|Win32
		{755F22FC-E175-2092-2AED-ABB39642F119}.Release|Win32.Build.0 = Release|Win32
	EndGlobalSection
	GlobalSection(SolutionProperties) = preSolution
		HideSolutionNode = FALSE
	EndGlobalSection
	GlobalSection(NestedProjects) = preSolution
	EndGlobalSection
EndGlobal
