<?xml version="1.0" encoding="utf-8"?>
<Project ToolsVersion="14.0" xmlns="http://schemas.microsoft.com/developer/msbuild/2003">
  <ItemGroup>
    <Filter Include="waveform_sdk">
      <UniqueIdentifier>{4D136D08-3976-FCAC-E2FB-3463CE3DC82F}</UniqueIdentifier>
    </Filter>
  </ItemGroup>
  <ItemGroup>
    <ClInclude Include="waveform_sdk\Downmix.h">
      <Filter>waveform_sdk</Filter>
    </ClInclude>
    <ClInclude Include="waveform_sdk\Optional.h">
      <Filter>waveform_sdk</Filter>
    </ClInclude>
    <ClInclude Include="waveform_sdk\RefPointer.h">
      <Filter>waveform_sdk</Filter>
    </ClInclude>
    <ClInclude Include="waveform_sdk\Waveform.h">
      <Filter>waveform_sdk</Filter>
    </ClInclude>
    <ClInclude Include="waveform_sdk\WaveformImpl.h">
      <Filter>waveform_sdk</Filter>
    </ClInclude>
  </ItemGroup>
  <ItemGroup>
    <ClCompile Include="waveform_sdk\Waveform.cc">
      <Filter>waveform_sdk</Filter>
    </ClCompile>
    <ClCompile Include="waveform_sdk\WaveformImpl.cc">
      <Filter>waveform_sdk</Filter>
    </ClCompile>
  </ItemGroup>
</Project>
