
Microsoft Visual Studio Solution File, Format Version 12.00
# Visual Studio 15
VisualStudioVersion = 15.0.27906.1
MinimumVisualStudioVersion = 10.0.40219.1
Project("{8BC9CEB8-8B4A-11D0-8D11-00A0C91BC942}") = "pfc", "..\pfc\pfc.vcxproj", "{EBFFFB4E-261D-44D3-B89C-957B31A0BF9C}"
EndProject
Project("{8BC9CEB8-8B4A-11D0-8D11-00A0C91BC942}") = "foobar2000_ATL_helpers", "ATLHelpers\foobar2000_ATL_helpers.vcxproj", "{622E8B19-8109-4717-BD4D-9657AA78363E}"
EndProject
Project("{8BC9CEB8-8B4A-11D0-8D11-00A0C91BC942}") = "foobar2000_component_client", "foobar2000_component_client\foobar2000_component_client.vcxproj", "{71AD2674-065B-48F5-B8B0-E1F9D3892081}"
EndProject
Project("{8BC9CEB8-8B4A-11D0-8D11-00A0C91BC942}") = "foobar2000_sdk_helpers", "helpers\foobar2000_sdk_helpers.vcxproj", "{EE47764E-A202-4F85-A767-ABDAB4AFF35F}"
EndProject
Project("{8BC9CEB8-8B4A-11D0-8D11-00A0C91BC942}") = "foobar2000_SDK", "SDK\foobar2000_SDK.vcxproj", "{E8091321-D79D-4575-86EF-064EA1A4A20D}"
EndProject
Project("{8BC9CEB8-8B4A-11D0-8D11-00A0C91BC942}") = "columns_ui_sdk", "..\vc14\columns_ui-sdk.vcxproj", "{93EC0EDE-01CD-4FB0-B8E8-4F2A027E026E}"
EndProject
Project("{8BC9CEB8-8B4A-11D0-8D11-00A0C91BC942}") = "foo_wave_seekbar", "foo_wave_seekbar\foo_wave_seekbar.vcxproj", "{8AE2F7A7-A207-4A4B-B255-24E09054A231}"
EndProject
Global
	GlobalSection(SolutionConfigurationPlatforms) = preSolution
		Debug|Win32 = Debug|Win32
		Release|Win32 = Release|Win32
	EndGlobalSection
	GlobalSection(ProjectConfigurationPlatforms) = postSolution
		{EBFFFB4E-261D-44D3-B89C-957B31A0BF9C}.Debug|Win32.ActiveCfg = Debug|Win32
		{EBFFFB4E-261D-44D3-B89C-957B31A0BF9C}.Debug|Win32.Build.0 = Debug|Win32
		{EBFFFB4E-261D-44D3-B89C-957B31A0BF9C}.Release|Win32.ActiveCfg = Release|Win32
		{EBFFFB4E-261D-44D3-B89C-957B31A0BF9C}.Release|Win32.Build.0 = Release|Win32
		{622E8B19-8109-4717-BD4D-9657AA78363E}.Debug|Win32.ActiveCfg = Debug|Win32
		{622E8B19-8109-4717-BD4D-9657AA78363E}.Debug|Win32.Build.0 = Debug|Win32
		{622E8B19-8109-4717-BD4D-9657AA78363E}.Release|Win32.ActiveCfg = Release|Win32
		{622E8B19-8109-4717-BD4D-9657AA78363E}.Release|Win32.Build.0 = Release|Win32
		{71AD2674-065B-48F5-B8B0-E1F9D3892081}.Debug|Win32.ActiveCfg = Debug|Win32
		{71AD2674-065B-48F5-B8B0-E1F9D3892081}.Debug|Win32.Build.0 = Debug|Win32
		{71AD2674-065B-48F5-B8B0-E1F9D3892081}.Release|Win32.ActiveCfg = Release|Win32
		{71AD2674-065B-48F5-B8B0-E1F9D3892081}.Release|Win32.Build.0 = Release|Win32
		{EE47764E-A202-4F85-A767-ABDAB4AFF35F}.Debug|Win32.ActiveCfg = Debug|Win32
		{EE47764E-A202-4F85-A767-ABDAB4AFF35F}.Debug|Win32.Build.0 = Debug|Win32
		{EE47764E-A202-4F85-A767-ABDAB4AFF35F}.Release|Win32.ActiveCfg = Release|Win32
		{EE47764E-A202-4F85-A767-ABDAB4AFF35F}.Release|Win32.Build.0 = Release|Win32
		{E8091321-D79D-4575-86EF-064EA1A4A20D}.Debug|Win32.ActiveCfg = Debug|Win32
		{E8091321-D79D-4575-86EF-064EA1A4A20D}.Debug|Win32.Build.0 = Debug|Win32
		{E8091321-D79D-4575-86EF-064EA1A4A20D}.Release|Win32.ActiveCfg = Release|Win32
		{E8091321-D79D-4575-86EF-064EA1A4A20D}.Release|Win32.Build.0 = Release|Win32
		{93EC0EDE-01CD-4FB0-B8E8-4F2A027E026E}.Debug|Win32.ActiveCfg = Debug|Win32
		{93EC0EDE-01CD-4FB0-B8E8-4F2A027E026E}.Debug|Win32.Build.0 = Debug|Win32
		{93EC0EDE-01CD-4FB0-B8E8-4F2A027E026E}.Release|Win32.ActiveCfg = Release|Win32
		{93EC0EDE-01CD-4FB0-B8E8-4F2A027E026E}.Release|Win32.Build.0 = Release|Win32
		{8AE2F7A7-A207-4A4B-B255-24E09054A231}.Debug|Win32.ActiveCfg = Debug|Win32
		{8AE2F7A7-A207-4A4B-B255-24E09054A231}.Debug|Win32.Build.0 = Debug|Win32
		{8AE2F7A7-A207-4A4B-B255-24E09054A231}.Release|Win32.ActiveCfg = Release|Win32
		{8AE2F7A7-A207-4A4B-B255-24E09054A231}.Release|Win32.Build.0 = Release|Win32
	EndGlobalSection
	GlobalSection(SolutionProperties) = preSolution
		HideSolutionNode = FALSE
	EndGlobalSection
	GlobalSection(ExtensibilityGlobals) = postSolution
		SolutionGuid = {71EAA58C-3B95-4CF0-9E29-163D023CDDD5}
	EndGlobalSection
EndGlobal
